
Microsoft Visual Studio Solution File, Format Version 11.00
# Visual C# Express 2010
Project("{FAE04EC0-301F-11D3-BF4B-00C04F79EFBC}") = "Name", "Chapter1\Name.csproj", "{AD7235FB-B0AD-44A9-899C-C255C67160DE}"
EndProject
Project("{FAE04EC0-301F-11D3-BF4B-00C04F79EFBC}") = "Address", "Address\Address.csproj", "{693B11B8-6E0B-40DD-A404-AC8C755B2C3C}"
EndProject
Project("{FAE04EC0-301F-11D3-BF4B-00C04F79EFBC}") = "Tree", "ConsoleApplication1\Tree.csproj", "{0B2EC9A7-CAD0-4AC9-AD38-495A7EB5022A}"
EndProject
Project("{FAE04EC0-301F-11D3-BF4B-00C04F79EFBC}") = "Initials", "ConsoleApplication2\Initials.csproj", "{928CA6CA-2C42-4526-89B9-6DB64EC2CBB7}"
EndProject
Global
	GlobalSection(SolutionConfigurationPlatforms) = preSolution
		Debug|x86 = Debug|x86
		Release|x86 = Release|x86
	EndGlobalSection
	GlobalSection(ProjectConfigurationPlatforms) = postSolution
		{AD7235FB-B0AD-44A9-899C-C255C67160DE}.Debug|x86.ActiveCfg = Debug|x86
		{AD7235FB-B0AD-44A9-899C-C255C67160DE}.Debug|x86.Build.0 = Debug|x86
		{AD7235FB-B0AD-44A9-899C-C255C67160DE}.Release|x86.ActiveCfg = Release|x86
		{AD7235FB-B0AD-44A9-899C-C255C67160DE}.Release|x86.Build.0 = Release|x86
		{693B11B8-6E0B-40DD-A404-AC8C755B2C3C}.Debug|x86.ActiveCfg = Debug|x86
		{693B11B8-6E0B-40DD-A404-AC8C755B2C3C}.Debug|x86.Build.0 = Debug|x86
		{693B11B8-6E0B-40DD-A404-AC8C755B2C3C}.Release|x86.ActiveCfg = Release|x86
		{693B11B8-6E0B-40DD-A404-AC8C755B2C3C}.Release|x86.Build.0 = Release|x86
		{0B2EC9A7-CAD0-4AC9-AD38-495A7EB5022A}.Debug|x86.ActiveCfg = Debug|x86
		{0B2EC9A7-CAD0-4AC9-AD38-495A7EB5022A}.Debug|x86.Build.0 = Debug|x86
		{0B2EC9A7-CAD0-4AC9-AD38-495A7EB5022A}.Release|x86.ActiveCfg = Release|x86
		{0B2EC9A7-CAD0-4AC9-AD38-495A7EB5022A}.Release|x86.Build.0 = Release|x86
		{928CA6CA-2C42-4526-89B9-6DB64EC2CBB7}.Debug|x86.ActiveCfg = Debug|x86
		{928CA6CA-2C42-4526-89B9-6DB64EC2CBB7}.Debug|x86.Build.0 = Debug|x86
		{928CA6CA-2C42-4526-89B9-6DB64EC2CBB7}.Release|x86.ActiveCfg = Release|x86
		{928CA6CA-2C42-4526-89B9-6DB64EC2CBB7}.Release|x86.Build.0 = Release|x86
	EndGlobalSection
	GlobalSection(SolutionProperties) = preSolution
		HideSolutionNode = FALSE
	EndGlobalSection
EndGlobal
